
Microsoft Visual Studio Solution File, Format Version 12.00
# Visual Studio Version 16
VisualStudioVersion = 16.0.30907.101
MinimumVisualStudioVersion = 10.0.40219.1
Project("{8BC9CEB8-8B4A-11D0-8D11-00A0C91BC942}") = "通讯录管理系统", "通讯录管理系统.vcxproj", "{5F2A8578-322C-4538-BC90-34BD2D4DD664}"
EndProject
Global
	GlobalSection(SolutionConfigurationPlatforms) = preSolution
		Debug|x64 = Debug|x64
		Debug|x86 = Debug|x86
		Release|x64 = Release|x64
		Release|x86 = Release|x86
	EndGlobalSection
	GlobalSection(ProjectConfigurationPlatforms) = postSolution
		{5F2A8578-322C-4538-BC90-34BD2D4DD664}.Debug|x64.ActiveCfg = Debug|x64
		{5F2A8578-322C-4538-BC90-34BD2D4DD664}.Debug|x64.Build.0 = Debug|x64
		{5F2A8578-322C-4538-BC90-34BD2D4DD664}.Debug|x86.ActiveCfg = Debug|Win32
		{5F2A8578-322C-4538-BC90-34BD2D4DD664}.Debug|x86.Build.0 = Debug|Win32
		{5F2A8578-322C-4538-BC90-34BD2D4DD664}.Release|x64.ActiveCfg = Release|x64
		{5F2A8578-322C-4538-BC90-34BD2D4DD664}.Release|x64.Build.0 = Release|x64
		{5F2A8578-322C-4538-BC90-34BD2D4DD664}.Release|x86.ActiveCfg = Release|Win32
		{5F2A8578-322C-4538-BC90-34BD2D4DD664}.Release|x86.Build.0 = Release|Win32
	EndGlobalSection
	GlobalSection(SolutionProperties) = preSolution
		HideSolutionNode = FALSE
	EndGlobalSection
	GlobalSection(ExtensibilityGlobals) = postSolution
		SolutionGuid = {0D565486-DA2A-4332-964D-AEE0FBD5735A}
	EndGlobalSection
EndGlobal
